Microsoft Visual Studio Solution File, Format Version 12.00
# Visual Studio Version 16
VisualStudioVersion = 16.0.30011.22
MinimumVisualStudioVersion = 10.0.40219.1
Project("{F184B08F-C81C-45F6-A57F-5ABD9991F28F}") = "WindowsApplication4", "WindowsApplication4\WindowsApplication4.vbproj", "{82EFBBF1-FABA-426D-8F2C-F548B91D81F9}"
EndProject
Project("{9A19103F-16F7-4668-BE54-9A1E7A4F7556}") = "WindowsApplication4_NetCore", "WindowsApplication4_NetCore\WindowsApplication4_NetCore.vbproj", "{8C27A918-4309-457F-89AB-FFE8A1A670E5}"
EndProject
Global
	GlobalSection(SolutionConfigurationPlatforms) = preSolution
		Debug|Any CPU = Debug|Any CPU
		Release|Any CPU = Release|Any CPU
	EndGlobalSection
	GlobalSection(ProjectConfigurationPlatforms) = postSolution
		{82EFBBF1-FABA-426D-8F2C-F548B91D81F9}.Debug|Any CPU.ActiveCfg = Debug|x86
		{82EFBBF1-FABA-426D-8F2C-F548B91D81F9}.Debug|Any CPU.Build.0 = Debug|x86
		{82EFBBF1-FABA-426D-8F2C-F548B91D81F9}.Release|Any CPU.ActiveCfg = Release|Any CPU
		{82EFBBF1-FABA-426D-8F2C-F548B91D81F9}.Release|Any CPU.Build.0 = Release|Any CPU
		{8C27A918-4309-457F-89AB-FFE8A1A670E5}.Debug|Any CPU.ActiveCfg = Debug|Any CPU
		{8C27A918-4309-457F-89AB-FFE8A1A670E5}.Debug|Any CPU.Build.0 = Debug|Any CPU
		{8C27A918-4309-457F-89AB-FFE8A1A670E5}.Release|Any CPU.ActiveCfg = Release|Any CPU
		{8C27A918-4309-457F-89AB-FFE8A1A670E5}.Release|Any CPU.Build.0 = Release|Any CPU
	EndGlobalSection
	GlobalSection(SolutionProperties) = preSolution
		HideSolutionNode = FALSE
	EndGlobalSection
	GlobalSection(ExtensibilityGlobals) = postSolution
		SolutionGuid = {C13A500C-AE20-46EF-9CF7-4F17065F9339}
	EndGlobalSection
EndGlobal
